{
  "pins" : [
    {
      "identity" : "alamofire",
      "kind" : "remoteSourceControl",
      "location" : "https://github.com/Alamofire/Alamofire",
      "state" : {
        "branch" : "master",
        "revision" : "ce0fb463a8f95fc8363c99fab1ea197553af5dfe"
      }
    },
    {
      "identity" : "openaikit",
      "kind" : "remoteSourceControl",
      "location" : "https://github.com/MarcoDotIO/OpenAIKit",
      "state" : {
        "branch" : "main",
        "revision" : "4099b7def50811da922c627deb2c15e918e07ce0"
      }
    },
    {
      "identity" : "openaiswift",
      "kind" : "remoteSourceControl",
      "location" : "https://github.com/adamrushy/OpenAISwift",
      "state" : {
        "branch" : "main",
        "revision" : "355678e890b2899c378b0e1dc3cd42d37d3d388d"
      }
    }
  ],
  "version" : 2
}
